
Microsoft Visual Studio Solution File, Format Version 12.00
# Visual Studio Version 17
VisualStudioVersion = 17.5.002.0
MinimumVisualStudioVersion = 10.0.40219.1
Project("{9A19103F-16F7-4668-BE54-9A1E7A4F7556}") = "Proyecto 1 Pensamiento Computacional", "Proyecto 1 Pensamiento Computacional.csproj", "{A021B5A0-C7EA-4D18-8D09-97E105A35126}"
EndProject
Global
	GlobalSection(SolutionConfigurationPlatforms) = preSolution
		Debug|Any CPU = Debug|Any CPU
		Release|Any CPU = Release|Any CPU
	EndGlobalSection
	GlobalSection(ProjectConfigurationPlatforms) = postSolution
		{A021B5A0-C7EA-4D18-8D09-97E105A35126}.Debug|Any CPU.ActiveCfg = Debug|Any CPU
		{A021B5A0-C7EA-4D18-8D09-97E105A35126}.Debug|Any CPU.Build.0 = Debug|Any CPU
		{A021B5A0-C7EA-4D18-8D09-97E105A35126}.Release|Any CPU.ActiveCfg = Release|Any CPU
		{A021B5A0-C7EA-4D18-8D09-97E105A35126}.Release|Any CPU.Build.0 = Release|Any CPU
	EndGlobalSection
	GlobalSection(SolutionProperties) = preSolution
		HideSolutionNode = FALSE
	EndGlobalSection
	GlobalSection(ExtensibilityGlobals) = postSolution
		SolutionGuid = {721492AE-344C-4BB8-8AE1-D9E01DE6B103}
	EndGlobalSection
EndGlobal
